
Microsoft Visual Studio Solution File, Format Version 12.00
# Visual Studio Version 17
VisualStudioVersion = 17.5.002.0
MinimumVisualStudioVersion = 10.0.40219.1
Project("{9A19103F-16F7-4668-BE54-9A1E7A4F7556}") = "API", "API.csproj", "{7B66B0BD-4474-488F-9B74-70B2C2A576D7}"
EndProject
Global
	GlobalSection(SolutionConfigurationPlatforms) = preSolution
		Debug|Any CPU = Debug|Any CPU
		Release|Any CPU = Release|Any CPU
	EndGlobalSection
	GlobalSection(ProjectConfigurationPlatforms) = postSolution
		{7B66B0BD-4474-488F-9B74-70B2C2A576D7}.Debug|Any CPU.ActiveCfg = Debug|Any CPU
		{7B66B0BD-4474-488F-9B74-70B2C2A576D7}.Debug|Any CPU.Build.0 = Debug|Any CPU
		{7B66B0BD-4474-488F-9B74-70B2C2A576D7}.Release|Any CPU.ActiveCfg = Release|Any CPU
		{7B66B0BD-4474-488F-9B74-70B2C2A576D7}.Release|Any CPU.Build.0 = Release|Any CPU
	EndGlobalSection
	GlobalSection(SolutionProperties) = preSolution
		HideSolutionNode = FALSE
	EndGlobalSection
	GlobalSection(ExtensibilityGlobals) = postSolution
		SolutionGuid = {C636EC35-D6E2-4F7C-B469-63F1C012D122}
	EndGlobalSection
EndGlobal
